{
    "name": "babylonjs101",
    "version": "1.0.0",
    "lockfileVersion": 1,
    "requires": true,
    "dependencies": {
        "@babylonjs/core": {
            "version": "4.2.1",
            "resolved": "https://registry.npmjs.org/@babylonjs/core/-/core-4.2.1.tgz",
            "integrity": "sha512-Z2ZVNRKPB1UvmMeqQtxCJKrQtQ/hb5FcAZi66YEEE0MKBQlLmf6oZEM9vS1RljPK7NZoV/dZSdwjJgiQlGsuhA==",
            "requires": {
                "tslib": ">=1.10.0"
            }
        },
        "@babylonjs/gui": {
            "version": "4.2.1",
            "resolved": "https://registry.npmjs.org/@babylonjs/gui/-/gui-4.2.1.tgz",
            "integrity": "sha512-6gOolbWYFO5lrRWKunawYWQkX4a47dvuiIBrEmY6eKRN97e4f7YrR7oYolqeWFHLXzbn0JR0blOYQyUB5jQqmg==",
            "requires": {
                "@babylonjs/core": "4.2.1",
                "tslib": ">=1.10.0"
            }
        },
        "@babylonjs/inspector": {
            "version": "4.2.1",
            "resolved": "https://registry.npmjs.org/@babylonjs/inspector/-/inspector-4.2.1.tgz",
            "integrity": "sha512-P0l3oAVniyxYJIgpZsAJ3veJnA9Sq02HLsy7Dr3y5UOA8WP0n7X1Uv2T1MbONdTkXJ1YoX/KBfAYVAA81FXhbg==",
            "dev": true,
            "requires": {
                "@babylonjs/core": "4.2.1",
                "@babylonjs/gui": "4.2.1",
                "@babylonjs/loaders": "4.2.1",
                "@babylonjs/materials": "4.2.1",
                "@babylonjs/serializers": "4.2.1",
                "babylonjs-gltf2interface": "4.2.1",
                "tslib": ">=1.10.0"
            }
        },
        "@babylonjs/loaders": {
            "version": "4.2.1",
            "resolved": "https://registry.npmjs.org/@babylonjs/loaders/-/loaders-4.2.1.tgz",
            "integrity": "sha512-huLdk18nTqwXHYIbxpXRTo1smcL1eCD8TvvyWiHciRjPttpRNjoACSR/G2J2FD0ymSBu8ZS8cdMvq1by7x2DsA==",
            "dev": true,
            "requires": {
                "@babylonjs/core": "4.2.1",
                "babylonjs-gltf2interface": "4.2.1",
                "tslib": ">=1.10.0"
            }
        },
        "@babylonjs/materials": {
            "version": "4.2.1",
            "resolved": "https://registry.npmjs.org/@babylonjs/materials/-/materials-4.2.1.tgz",
            "integrity": "sha512-G4mfmixt2BnATaa2/uhf7xfZv4fqD6bGHocbEWT1Iu0KOJcpU7Q0EYjN8bqx78hVFjd94e4g0/7Bey2JaGrakA==",
            "requires": {
                "@babylonjs/core": "4.2.1",
                "tslib": ">=1.10.0"
            }
        },
        "@babylonjs/serializers": {
            "version": "4.2.1",
            "resolved": "https://registry.npmjs.org/@babylonjs/serializers/-/serializers-4.2.1.tgz",
            "integrity": "sha512-G4Jw9ILUJp8hO49Jg+sxVAKfYMZlgxGClNrUKCOcsIGWg5Yy0hKd1BZd86wEiyJAYt+MDpuocWCShzkEV2mJhA==",
            "dev": true,
            "requires": {
                "@babylonjs/core": "4.2.1",
                "babylonjs-gltf2interface": "4.2.1",
                "tslib": ">=1.10.0"
            }
        },
        "@types/prop-types": {
            "version": "15.7.4",
            "resolved": "https://registry.npmjs.org/@types/prop-types/-/prop-types-15.7.4.tgz",
            "integrity": "sha512-rZ5drC/jWjrArrS8BR6SIr4cWpW09RNTYt9AMZo3Jwwif+iacXAqgVjm0B0Bv/S1jhDXKHqRVNCbACkJ89RAnQ=="
        },
        "@types/react": {
            "version": "17.0.38",
            "resolved": "https://registry.npmjs.org/@types/react/-/react-17.0.38.tgz",
            "integrity": "sha512-SI92X1IA+FMnP3qM5m4QReluXzhcmovhZnLNm3pyeQlooi02qI7sLiepEYqT678uNiyc25XfCqxREFpy3W7YhQ==",
            "requires": {
                "@types/prop-types": "*",
                "@types/scheduler": "*",
                "csstype": "^3.0.2"
            }
        },
        "@types/react-dom": {
            "version": "17.0.11",
            "resolved": "https://registry.npmjs.org/@types/react-dom/-/react-dom-17.0.11.tgz",
            "integrity": "sha512-f96K3k+24RaLGVu/Y2Ng3e1EbZ8/cVJvypZWd7cy0ofCBaf2lcM46xNhycMZ2xGwbBjRql7hOlZ+e2WlJ5MH3Q==",
            "requires": {
                "@types/react": "*"
            }
        },
        "@types/scheduler": {
            "version": "0.16.2",
            "resolved": "https://registry.npmjs.org/@types/scheduler/-/scheduler-0.16.2.tgz",
            "integrity": "sha512-hppQEBDmlwhFAXKJX2KnWLYu5yMfi91yazPb2l+lbJiwW+wdo1gNeRA+3RgNSO39WYX2euey41KEwnqesU2Jew=="
        },
        "babylonjs": {
            "version": "4.2.1",
            "resolved": "https://registry.npmjs.org/babylonjs/-/babylonjs-4.2.1.tgz",
            "integrity": "sha512-FQdJ2VTENUpUJQ30ddihwTjV6K94kglET0P7jV8OQzjA4eez3sotmG22Fn9+8yb069SA26KnrAGOI2sKMQ7BCw=="
        },
        "babylonjs-gltf2interface": {
            "version": "4.2.1",
            "resolved": "https://registry.npmjs.org/babylonjs-gltf2interface/-/babylonjs-gltf2interface-4.2.1.tgz",
            "integrity": "sha512-ZBfKgIoztO1x1nyf9aPQJ+WXmB6Kw0VlyxvcKchIixbICqeeExiN8nmjvypwXC4hl+5ZDMnUKQNrIhh7uzulnA==",
            "dev": true
        },
        "babylonjs-gui": {
            "version": "4.2.1",
            "resolved": "https://registry.npmjs.org/babylonjs-gui/-/babylonjs-gui-4.2.1.tgz",
            "integrity": "sha512-MV3TjsmypUe62OhP497iMxm6Cx+ug7gVjr6h8IoNjlKRTo8fjbROiqd+EZxpJT8XmPl1YSVWeXVeamLVdnuV5A==",
            "requires": {
                "babylonjs": "4.2.1"
            }
        },
        "babylonjs-materials": {
            "version": "4.2.1",
            "resolved": "https://registry.npmjs.org/babylonjs-materials/-/babylonjs-materials-4.2.1.tgz",
            "integrity": "sha512-nWyh95JOYF9rHYtGEBpaoU82XXIf7drFNxxf8FswdBYlD57nveEHae7tHLQakiGXtgqphqS4I+0UfbOJwBFk/w==",
            "requires": {
                "babylonjs": "4.2.1"
            }
        },
        "csstype": {
            "version": "3.0.10",
            "resolved": "https://registry.npmjs.org/csstype/-/csstype-3.0.10.tgz",
            "integrity": "sha512-2u44ZG2OcNUO9HDp/Jl8C07x6pU/eTR3ncV91SiK3dhG9TWvRVsCoJw14Ckx5DgWkzGA3waZWO3d7pgqpUI/XA=="
        },
        "npm-font-open-sans": {
            "version": "1.1.0",
            "resolved": "https://registry.npmjs.org/npm-font-open-sans/-/npm-font-open-sans-1.1.0.tgz",
            "integrity": "sha512-t1y5ShWm6a8FSLwBdINT47XYMcuKY2rkTBsTdz/76YB2MtX0YD89RUkY2eSS2/XOmlZfBe1HFBAwD+b9+/UfmQ=="
        },
        "tslib": {
            "version": "2.3.1",
            "resolved": "https://registry.npmjs.org/tslib/-/tslib-2.3.1.tgz",
            "integrity": "sha512-77EbyPPpMz+FRFRuAFlWMtmgUWGe9UOG2Z25NqCwiIjRhOf5iKGuzSe5P2w1laq+FkRy4p+PCuVkJSGkzTEKVw=="
        }
    }
}
